
Microsoft Visual Studio Solution File, Format Version 12.00
# Visual Studio Version 17
VisualStudioVersion = 17.4.33110.190
MinimumVisualStudioVersion = 10.0.40219.1
Project("{FAE04EC0-301F-11D3-BF4B-00C04F79EFBC}") = "Store", "Store.csproj", "{991F8CCC-D2A0-4C48-88BA-E1606F351446}"
EndProject
Global
	GlobalSection(SolutionConfigurationPlatforms) = preSolution
		Debug|Any CPU = Debug|Any CPU
		Release|Any CPU = Release|Any CPU
	EndGlobalSection
	GlobalSection(ProjectConfigurationPlatforms) = postSolution
		{991F8CCC-D2A0-4C48-88BA-E1606F351446}.Debug|Any CPU.ActiveCfg = Debug|Any CPU
		{991F8CCC-D2A0-4C48-88BA-E1606F351446}.Debug|Any CPU.Build.0 = Debug|Any CPU
		{991F8CCC-D2A0-4C48-88BA-E1606F351446}.Release|Any CPU.ActiveCfg = Release|Any CPU
		{991F8CCC-D2A0-4C48-88BA-E1606F351446}.Release|Any CPU.Build.0 = Release|Any CPU
	EndGlobalSection
	GlobalSection(SolutionProperties) = preSolution
		HideSolutionNode = FALSE
	EndGlobalSection
	GlobalSection(ExtensibilityGlobals) = postSolution
		SolutionGuid = {FEF39604-A2DA-47D3-A0E8-93918D531E78}
	EndGlobalSection
EndGlobal
